
Microsoft Visual Studio Solution File, Format Version 12.00
# Visual Studio Version 17
VisualStudioVersion = 17.11.35327.3
MinimumVisualStudioVersion = 10.0.40219.1
Project("{FAE04EC0-301F-11D3-BF4B-00C04F79EFBC}") = "TaskManager.API", "TaskManager.API\TaskManager.API.csproj", "{C5B0F1B0-50BC-4B06-A6C6-7BA52150A2B8}"
EndProject
Project("{FAE04EC0-301F-11D3-BF4B-00C04F79EFBC}") = "TaskManager.Application", "TaskManager.Application\TaskManager.Application.csproj", "{E88D9BC1-0533-4940-873C-FD64E075F4FF}"
EndProject
Project("{FAE04EC0-301F-11D3-BF4B-00C04F79EFBC}") = "TaskManager.Core", "TaskManager.Core\TaskManager.Core.csproj", "{73AEC500-8E93-4B14-9118-649673FDD625}"
EndProject
Project("{FAE04EC0-301F-11D3-BF4B-00C04F79EFBC}") = "TaskManager.Infra", "TaskManager.Infra\TaskManager.Infra.csproj", "{5BB3225F-F15B-45D7-B800-E9CE4F79ADC9}"
EndProject
Project("{FAE04EC0-301F-11D3-BF4B-00C04F79EFBC}") = "TaskManager.Infra.IoC", "TaskManager.Infra.IoC\TaskManager.Infra.IoC.csproj", "{E1BA9271-FCAF-4108-B072-E50506196122}"
EndProject
Global
	GlobalSection(SolutionConfigurationPlatforms) = preSolution
		Debug|Any CPU = Debug|Any CPU
		Release|Any CPU = Release|Any CPU
	EndGlobalSection
	GlobalSection(ProjectConfigurationPlatforms) = postSolution
		{C5B0F1B0-50BC-4B06-A6C6-7BA52150A2B8}.Debug|Any CPU.ActiveCfg = Debug|Any CPU
		{C5B0F1B0-50BC-4B06-A6C6-7BA52150A2B8}.Debug|Any CPU.Build.0 = Debug|Any CPU
		{C5B0F1B0-50BC-4B06-A6C6-7BA52150A2B8}.Release|Any CPU.ActiveCfg = Release|Any CPU
		{C5B0F1B0-50BC-4B06-A6C6-7BA52150A2B8}.Release|Any CPU.Build.0 = Release|Any CPU
		{E88D9BC1-0533-4940-873C-FD64E075F4FF}.Debug|Any CPU.ActiveCfg = Debug|Any CPU
		{E88D9BC1-0533-4940-873C-FD64E075F4FF}.Debug|Any CPU.Build.0 = Debug|Any CPU
		{E88D9BC1-0533-4940-873C-FD64E075F4FF}.Release|Any CPU.ActiveCfg = Release|Any CPU
		{E88D9BC1-0533-4940-873C-FD64E075F4FF}.Release|Any CPU.Build.0 = Release|Any CPU
		{73AEC500-8E93-4B14-9118-649673FDD625}.Debug|Any CPU.ActiveCfg = Debug|Any CPU
		{73AEC500-8E93-4B14-9118-649673FDD625}.Debug|Any CPU.Build.0 = Debug|Any CPU
		{73AEC500-8E93-4B14-9118-649673FDD625}.Release|Any CPU.ActiveCfg = Release|Any CPU
		{73AEC500-8E93-4B14-9118-649673FDD625}.Release|Any CPU.Build.0 = Release|Any CPU
		{5BB3225F-F15B-45D7-B800-E9CE4F79ADC9}.Debug|Any CPU.ActiveCfg = Debug|Any CPU
		{5BB3225F-F15B-45D7-B800-E9CE4F79ADC9}.Debug|Any CPU.Build.0 = Debug|Any CPU
		{5BB3225F-F15B-45D7-B800-E9CE4F79ADC9}.Release|Any CPU.ActiveCfg = Release|Any CPU
		{5BB3225F-F15B-45D7-B800-E9CE4F79ADC9}.Release|Any CPU.Build.0 = Release|Any CPU
		{E1BA9271-FCAF-4108-B072-E50506196122}.Debug|Any CPU.ActiveCfg = Debug|Any CPU
		{E1BA9271-FCAF-4108-B072-E50506196122}.Debug|Any CPU.Build.0 = Debug|Any CPU
		{E1BA9271-FCAF-4108-B072-E50506196122}.Release|Any CPU.ActiveCfg = Release|Any CPU
		{E1BA9271-FCAF-4108-B072-E50506196122}.Release|Any CPU.Build.0 = Release|Any CPU
	EndGlobalSection
	GlobalSection(SolutionProperties) = preSolution
		HideSolutionNode = FALSE
	EndGlobalSection
	GlobalSection(ExtensibilityGlobals) = postSolution
		SolutionGuid = {6AC3B15E-C732-4F1C-BE3C-549666391206}
	EndGlobalSection
EndGlobal
